
Microsoft Visual Studio Solution File, Format Version 12.00
# Visual Studio Version 17
VisualStudioVersion = 17.4.33213.308
MinimumVisualStudioVersion = 10.0.40219.1
Project("{FAE04EC0-301F-11D3-BF4B-00C04F79EFBC}") = "gitapp1", "gitapp1\gitapp1.csproj", "{F88CD3B9-29B4-4C2A-B94A-4850177DDABB}"
EndProject
Global
	GlobalSection(SolutionConfigurationPlatforms) = preSolution
		Debug|Any CPU = Debug|Any CPU
		Release|Any CPU = Release|Any CPU
	EndGlobalSection
	GlobalSection(ProjectConfigurationPlatforms) = postSolution
		{F88CD3B9-29B4-4C2A-B94A-4850177DDABB}.Debug|Any CPU.ActiveCfg = Debug|Any CPU
		{F88CD3B9-29B4-4C2A-B94A-4850177DDABB}.Debug|Any CPU.Build.0 = Debug|Any CPU
		{F88CD3B9-29B4-4C2A-B94A-4850177DDABB}.Release|Any CPU.ActiveCfg = Release|Any CPU
		{F88CD3B9-29B4-4C2A-B94A-4850177DDABB}.Release|Any CPU.Build.0 = Release|Any CPU
	EndGlobalSection
	GlobalSection(SolutionProperties) = preSolution
		HideSolutionNode = FALSE
	EndGlobalSection
	GlobalSection(ExtensibilityGlobals) = postSolution
		SolutionGuid = {A0268FD5-42F4-49E2-AA7C-737881352203}
	EndGlobalSection
EndGlobal
